<?xml version="1.0" encoding="utf-8"?>
<Project ToolsVersion="4.0" xmlns="http://schemas.microsoft.com/developer/msbuild/2003">
  <ItemGroup>
    <Filter Include="Source Files">
      <UniqueIdentifier>{afb955d4-6172-41b2-9996-5a1e1bdbbf2d}</UniqueIdentifier>
    </Filter>
    <Filter Include="Header Files">
      <UniqueIdentifier>{93995380-89BD-4b04-88EB-625FBE52EBFB}</UniqueIdentifier>
      <Extensions>h;hpp;hxx;hm;inl;inc;xsd</Extensions>
    </Filter>
  </ItemGroup>
  <ItemGroup>
    <ClCompile Include=".\framework.cpp">
      <Filter>Source Files</Filter>
    </ClCompile>
    <ClCompile Include=".\wordcard_application.cpp">
      <Filter>Source Files</Filter>
    </ClCompile>
    <ClCompile Include=".\wordcard_document.cpp">
      <Filter>Source Files</Filter>
    </ClCompile>
    <ClCompile Include=".\wordcard_form_callback.cpp">
      <Filter>Source Files</Filter>
    </ClCompile>
    <ClCompile Include=".\wordcard_frame.cpp">
      <Filter>Source Files</Filter>
    </ClCompile>
    <ClCompile Include=".\wordcard_pane_view.cpp">
      <Filter>Source Files</Filter>
    </ClCompile>
    <ClCompile Include=".\wordcard_pane_view_update_hint.cpp">
      <Filter>Source Files</Filter>
    </ClCompile>
    <ClCompile Include=".\wordcard_view.cpp">
      <Filter>Source Files</Filter>
    </ClCompile>
    <ClCompile Include=".\wordcard_view_update_hint.cpp">
      <Filter>Source Files</Filter>
    </ClCompile>
    <ClCompile Include="wordcard_wordautomation.cpp">
      <Filter>Source Files</Filter>
    </ClCompile>
  </ItemGroup>
  <ItemGroup>
    <ClInclude Include="framework.h">
      <Filter>Header Files</Filter>
    </ClInclude>
    <ClInclude Include="wordcard_application.h">
      <Filter>Header Files</Filter>
    </ClInclude>
    <ClInclude Include="wordcard_document.h">
      <Filter>Header Files</Filter>
    </ClInclude>
    <ClInclude Include="wordcard_form_callback.h">
      <Filter>Header Files</Filter>
    </ClInclude>
    <ClInclude Include="wordcard_frame.h">
      <Filter>Header Files</Filter>
    </ClInclude>
    <ClInclude Include="wordcard_pane_view.h">
      <Filter>Header Files</Filter>
    </ClInclude>
    <ClInclude Include="wordcard_pane_view_update_hint.h">
      <Filter>Header Files</Filter>
    </ClInclude>
    <ClInclude Include="wordcard.h">
      <Filter>Header Files</Filter>
    </ClInclude>
    <ClInclude Include="wordcard_view.h">
      <Filter>Header Files</Filter>
    </ClInclude>
    <ClInclude Include="wordcard_view_update_hint.h">
      <Filter>Header Files</Filter>
    </ClInclude>
  </ItemGroup>
  <ItemGroup>
    <None Include=".\nodeapp_wordcard.def">
      <Filter>Source Files</Filter>
    </None>
  </ItemGroup>
</Project>